// !$*UTF8*$!
{
	archiveVersion = 1;
	classes = {
	};
	objectVersion = 56;
	objects = {

/* Begin PBXBuildFile section */
		A101000100000001 /* FreeSocialApp.swift in Sources */ = {isa = PBXBuildFile; fileRef = A101000200000001 /* FreeSocialApp.swift */; };
		A101000100000002 /* ContentView.swift in Sources */ = {isa = PBXBuildFile; fileRef = A101000200000002 /* ContentView.swift */; };
		A101000100000003 /* Assets.xcassets in Resources */ = {isa = PBXBuildFile; fileRef = A101000200000003 /* Assets.xcassets */; };
		A101000100000010 /* ControlledClient in Frameworks */ = {isa = PBXBuildFile; productRef = A101000500000001 /* ControlledClient */; };
		A101000100000011 /* ScreenTimeEngine in Frameworks */ = {isa = PBXBuildFile; productRef = A101000500000002 /* ScreenTimeEngine */; };
		A101000100000012 /* PolicyStore in Frameworks */ = {isa = PBXBuildFile; productRef = A101000500000003 /* PolicyStore */; };
		A101000100000013 /* ConsentManager in Frameworks */ = {isa = PBXBuildFile; productRef = A101000500000004 /* ConsentManager */; };
		/* DeviceActivityMonitor extension */
		A102000100000001 /* DeviceActivityMonitorExtension.swift in Sources */ = {isa = PBXBuildFile; fileRef = A102000200000001 /* DeviceActivityMonitorExtension.swift */; };
		A102000100000010 /* PolicyStore in Frameworks (DAM) */ = {isa = PBXBuildFile; productRef = A102000500000001 /* PolicyStore */; };
		A102000100000011 /* ConsentManager in Frameworks (DAM) */ = {isa = PBXBuildFile; productRef = A102000500000002 /* ConsentManager */; };
		A102000100000012 /* ScreenTimeEngine in Frameworks (DAM) */ = {isa = PBXBuildFile; productRef = A102000500000003 /* ScreenTimeEngine (DAM) */; };
		A102000100000020 /* DeviceActivityMonitor.appex in Embed Foundation Extensions */ = {isa = PBXBuildFile; fileRef = A102000200000005 /* DeviceActivityMonitor.appex */; settings = {ATTRIBUTES = (RemoveHeadersOnCopy, ); }; };
		/* ShieldConfiguration extension */
		A103000100000001 /* ShieldConfigurationExtension.swift in Sources */ = {isa = PBXBuildFile; fileRef = A103000200000001 /* ShieldConfigurationExtension.swift */; };
		A103000100000020 /* ShieldConfiguration.appex in Embed Foundation Extensions */ = {isa = PBXBuildFile; fileRef = A103000200000005 /* ShieldConfiguration.appex */; settings = {ATTRIBUTES = (RemoveHeadersOnCopy, ); }; };
		/* ShieldAction extension */
		A104000100000001 /* ShieldActionExtension.swift in Sources */ = {isa = PBXBuildFile; fileRef = A104000200000001 /* ShieldActionExtension.swift */; };
		A104000100000010 /* PolicyStore in Frameworks (SA) */ = {isa = PBXBuildFile; productRef = A104000500000001 /* PolicyStore */; };
		A104000100000020 /* ShieldAction.appex in Embed Foundation Extensions */ = {isa = PBXBuildFile; fileRef = A104000200000005 /* ShieldAction.appex */; settings = {ATTRIBUTES = (RemoveHeadersOnCopy, ); }; };
		/* FreeSocialTests unit test target */
		A110000100000001 /* AppReviewPreflightTests.swift in Sources */ = {isa = PBXBuildFile; fileRef = A110000200000001 /* AppReviewPreflightTests.swift */; };
		A110000100000002 /* DeviceActivityMonitorConsentGateTests.swift in Sources */ = {isa = PBXBuildFile; fileRef = A110000200000002 /* DeviceActivityMonitorConsentGateTests.swift */; };
		A110000100000003 /* DeviceActivityMonitorExtension+Testing.swift in Sources (FreeSocialTests) */ = {isa = PBXBuildFile; fileRef = A102000200000004 /* DeviceActivityMonitorExtension+Testing.swift */; };
		A102000100000002 /* DeviceActivityMonitorExtension+Testing.swift in Sources (DAM) */ = {isa = PBXBuildFile; fileRef = A102000200000004 /* DeviceActivityMonitorExtension+Testing.swift */; };
		A110000100000010 /* ConsentManager in Frameworks (FreeSocialTests) */ = {isa = PBXBuildFile; productRef = A110000500000001 /* ConsentManager */; };
		A110000100000004 /* ShieldManagerTokenAPITests.swift in Sources */ = {isa = PBXBuildFile; fileRef = A110000200000004 /* ShieldManagerTokenAPITests.swift */; };
		A110000100000005 /* DeviceActivityThresholdGuardTests.swift in Sources */ = {isa = PBXBuildFile; fileRef = A110000200000006 /* DeviceActivityThresholdGuardTests.swift */; };
		A110000100000011 /* ScreenTimeEngine in Frameworks (FreeSocialTests) */ = {isa = PBXBuildFile; productRef = A110000500000002 /* ScreenTimeEngine (FreeSocialTests) */; };
		A110000100000012 /* PolicyStore in Frameworks (FreeSocialTests) */ = {isa = PBXBuildFile; productRef = A110000500000003 /* PolicyStore (FreeSocialTests) */; };
		/* FreeSocialUITests UITest target */
		A111000100000001 /* FreeSocialUITests.swift in Sources */ = {isa = PBXBuildFile; fileRef = A111000200000001 /* FreeSocialUITests.swift */; };
		A111000100000010 /* FreeSocial.app in Frameworks (UITests) */ = {isa = PBXBuildFile; fileRef = A101000200000005 /* FreeSocial.app */; };
/* End PBXBuildFile section */

/* Begin PBXContainerItemProxy section */
		A102000900000001 /* PBXContainerItemProxy (DAM) */ = {
			isa = PBXContainerItemProxy;
			containerPortal = A101000000000001 /* Project object */;
			proxyType = 1;
			remoteGlobalIDString = A102000600000001;
			remoteInfo = DeviceActivityMonitor;
		};
		A103000900000001 /* PBXContainerItemProxy (SC) */ = {
			isa = PBXContainerItemProxy;
			containerPortal = A101000000000001 /* Project object */;
			proxyType = 1;
			remoteGlobalIDString = A103000600000001;
			remoteInfo = ShieldConfiguration;
		};
		A104000900000001 /* PBXContainerItemProxy (ShieldAction) */ = {
			isa = PBXContainerItemProxy;
			containerPortal = A101000000000001 /* Project object */;
			proxyType = 1;
			remoteGlobalIDString = A104000600000001;
			remoteInfo = ShieldAction;
		};
		A110000900000001 /* PBXContainerItemProxy (FreeSocialTests) */ = {
			isa = PBXContainerItemProxy;
			containerPortal = A101000000000001 /* Project object */;
			proxyType = 1;
			remoteGlobalIDString = A101000600000001;
			remoteInfo = FreeSocial;
		};
		A111000900000001 /* PBXContainerItemProxy (FreeSocialUITests) */ = {
			isa = PBXContainerItemProxy;
			containerPortal = A101000000000001 /* Project object */;
			proxyType = 1;
			remoteGlobalIDString = A101000600000001;
			remoteInfo = FreeSocial;
		};
/* End PBXContainerItemProxy section */

/* Begin PBXCopyFilesBuildPhase section */
		A105000300000001 /* Embed Foundation Extensions */ = {
			isa = PBXCopyFilesBuildPhase;
			buildActionMask = 2147483647;
			dstPath = "";
			dstSubfolderSpec = 13;
			files = (
				A102000100000020 /* DeviceActivityMonitor.appex in Embed Foundation Extensions */,
				A103000100000020 /* ShieldConfiguration.appex in Embed Foundation Extensions */,
				A104000100000020 /* ShieldAction.appex in Embed Foundation Extensions */,
			);
			name = "Embed Foundation Extensions";
			runOnlyForDeploymentPostprocessing = 0;
		};
/* End PBXCopyFilesBuildPhase section */

/* Begin PBXFileReference section */
		A101000200000001 /* FreeSocialApp.swift */ = {isa = PBXFileReference; lastKnownFileType = sourcecode.swift; path = FreeSocialApp.swift; sourceTree = "<group>"; };
		A101000200000002 /* ContentView.swift */ = {isa = PBXFileReference; lastKnownFileType = sourcecode.swift; path = ContentView.swift; sourceTree = "<group>"; };
		A101000200000003 /* Assets.xcassets */ = {isa = PBXFileReference; lastKnownFileType = folder.assetcatalog; path = Assets.xcassets; sourceTree = "<group>"; };
		A101000200000004 /* FreeSocial.entitlements */ = {isa = PBXFileReference; lastKnownFileType = text.plist.entitlements; path = FreeSocial.entitlements; sourceTree = "<group>"; };
		A101000200000005 /* FreeSocial.app */ = {isa = PBXFileReference; explicitFileType = wrapper.application; includeInIndex = 0; path = FreeSocial.app; sourceTree = BUILT_PRODUCTS_DIR; };
		/* DeviceActivityMonitor extension */
		A102000200000001 /* DeviceActivityMonitorExtension.swift */ = {isa = PBXFileReference; lastKnownFileType = sourcecode.swift; path = DeviceActivityMonitorExtension.swift; sourceTree = "<group>"; };
		A102000200000002 /* DeviceActivityMonitor.entitlements */ = {isa = PBXFileReference; lastKnownFileType = text.plist.entitlements; path = DeviceActivityMonitor.entitlements; sourceTree = "<group>"; };
		A102000200000003 /* Info.plist (DAM) */ = {isa = PBXFileReference; lastKnownFileType = text.plist.xml; path = Info.plist; sourceTree = "<group>"; };
		A102000200000005 /* DeviceActivityMonitor.appex */ = {isa = PBXFileReference; explicitFileType = "wrapper.app-extension"; includeInIndex = 0; path = DeviceActivityMonitor.appex; sourceTree = BUILT_PRODUCTS_DIR; };
		/* ShieldConfiguration extension */
		A103000200000001 /* ShieldConfigurationExtension.swift */ = {isa = PBXFileReference; lastKnownFileType = sourcecode.swift; path = ShieldConfigurationExtension.swift; sourceTree = "<group>"; };
		A103000200000002 /* ShieldConfiguration.entitlements */ = {isa = PBXFileReference; lastKnownFileType = text.plist.entitlements; path = ShieldConfiguration.entitlements; sourceTree = "<group>"; };
		A103000200000003 /* Info.plist (SC) */ = {isa = PBXFileReference; lastKnownFileType = text.plist.xml; path = Info.plist; sourceTree = "<group>"; };
		A103000200000005 /* ShieldConfiguration.appex */ = {isa = PBXFileReference; explicitFileType = "wrapper.app-extension"; includeInIndex = 0; path = ShieldConfiguration.appex; sourceTree = BUILT_PRODUCTS_DIR; };
		/* ShieldAction extension */
		A104000200000001 /* ShieldActionExtension.swift */ = {isa = PBXFileReference; lastKnownFileType = sourcecode.swift; path = ShieldActionExtension.swift; sourceTree = "<group>"; };
		A104000200000002 /* ShieldAction.entitlements */ = {isa = PBXFileReference; lastKnownFileType = text.plist.entitlements; path = ShieldAction.entitlements; sourceTree = "<group>"; };
		A104000200000003 /* Info.plist (SA) */ = {isa = PBXFileReference; lastKnownFileType = text.plist.xml; path = Info.plist; sourceTree = "<group>"; };
		A104000200000005 /* ShieldAction.appex */ = {isa = PBXFileReference; explicitFileType = "wrapper.app-extension"; includeInIndex = 0; path = ShieldAction.appex; sourceTree = BUILT_PRODUCTS_DIR; };
		A102000200000004 /* DeviceActivityMonitorExtension+Testing.swift */ = {isa = PBXFileReference; lastKnownFileType = sourcecode.swift; path = "DeviceActivityMonitorExtension+Testing.swift"; sourceTree = "<group>"; };
		/* FreeSocialTests unit test target */
		A110000200000001 /* AppReviewPreflightTests.swift */ = {isa = PBXFileReference; lastKnownFileType = sourcecode.swift; path = AppReviewPreflightTests.swift; sourceTree = "<group>"; };
		A110000200000002 /* DeviceActivityMonitorConsentGateTests.swift */ = {isa = PBXFileReference; lastKnownFileType = sourcecode.swift; path = DeviceActivityMonitorConsentGateTests.swift; sourceTree = "<group>"; };
		A110000200000004 /* ShieldManagerTokenAPITests.swift */ = {isa = PBXFileReference; lastKnownFileType = sourcecode.swift; path = ShieldManagerTokenAPITests.swift; sourceTree = "<group>"; };
		A110000200000006 /* DeviceActivityThresholdGuardTests.swift */ = {isa = PBXFileReference; lastKnownFileType = sourcecode.swift; path = DeviceActivityThresholdGuardTests.swift; sourceTree = "<group>"; };
		A110000200000005 /* FreeSocialTests.xctest */ = {isa = PBXFileReference; explicitFileType = wrapper.cfbundle; includeInIndex = 0; path = FreeSocialTests.xctest; sourceTree = BUILT_PRODUCTS_DIR; };
		/* FreeSocialUITests UITest target */
		A111000200000001 /* FreeSocialUITests.swift */ = {isa = PBXFileReference; lastKnownFileType = sourcecode.swift; path = FreeSocialUITests.swift; sourceTree = "<group>"; };
		A111000200000005 /* FreeSocialUITests.xctest */ = {isa = PBXFileReference; explicitFileType = wrapper.cfbundle; includeInIndex = 0; path = FreeSocialUITests.xctest; sourceTree = BUILT_PRODUCTS_DIR; };
/* End PBXFileReference section */

/* Begin PBXFrameworksBuildPhase section */
		A101000300000001 /* Frameworks */ = {
			isa = PBXFrameworksBuildPhase;
			buildActionMask = 2147483647;
			files = (
				A101000100000010 /* ControlledClient in Frameworks */,
				A101000100000011 /* ScreenTimeEngine in Frameworks */,
				A101000100000012 /* PolicyStore in Frameworks */,
				A101000100000013 /* ConsentManager in Frameworks */,
			);
			runOnlyForDeploymentPostprocessing = 0;
		};
		A102000300000001 /* Frameworks (DAM) */ = {
			isa = PBXFrameworksBuildPhase;
			buildActionMask = 2147483647;
			files = (
				A102000100000010 /* PolicyStore in Frameworks (DAM) */,
				A102000100000011 /* ConsentManager in Frameworks (DAM) */,
				A102000100000012 /* ScreenTimeEngine in Frameworks (DAM) */,
			);
			runOnlyForDeploymentPostprocessing = 0;
		};
		A103000300000001 /* Frameworks (SC) */ = {
			isa = PBXFrameworksBuildPhase;
			buildActionMask = 2147483647;
			files = (
			);
			runOnlyForDeploymentPostprocessing = 0;
		};
		A104000300000001 /* Frameworks (SA) */ = {
			isa = PBXFrameworksBuildPhase;
			buildActionMask = 2147483647;
			files = (
				A104000100000010 /* PolicyStore in Frameworks (SA) */,
			);
			runOnlyForDeploymentPostprocessing = 0;
		};
		A110000300000001 /* Frameworks (FreeSocialTests) */ = {
			isa = PBXFrameworksBuildPhase;
			buildActionMask = 2147483647;
			files = (
				A110000100000010 /* ConsentManager in Frameworks (FreeSocialTests) */,
				A110000100000011 /* ScreenTimeEngine in Frameworks (FreeSocialTests) */,
				A110000100000012 /* PolicyStore in Frameworks (FreeSocialTests) */,
			);
			runOnlyForDeploymentPostprocessing = 0;
		};
		A111000300000001 /* Frameworks (FreeSocialUITests) */ = {
			isa = PBXFrameworksBuildPhase;
			buildActionMask = 2147483647;
			files = (
			);
			runOnlyForDeploymentPostprocessing = 0;
		};
/* End PBXFrameworksBuildPhase section */

/* Begin PBXGroup section */
		A101000400000001 /* FreeSocial */ = {
			isa = PBXGroup;
			children = (
				A101000200000001 /* FreeSocialApp.swift */,
				A101000200000002 /* ContentView.swift */,
				A101000200000003 /* Assets.xcassets */,
				A101000200000004 /* FreeSocial.entitlements */,
			);
			path = FreeSocial;
			sourceTree = "<group>";
		};
		A101000400000002 /* Products */ = {
			isa = PBXGroup;
			children = (
				A101000200000005 /* FreeSocial.app */,
				A102000200000005 /* DeviceActivityMonitor.appex */,
				A103000200000005 /* ShieldConfiguration.appex */,
				A104000200000005 /* ShieldAction.appex */,
				A110000200000005 /* FreeSocialTests.xctest */,
				A111000200000005 /* FreeSocialUITests.xctest */,
			);
			name = Products;
			sourceTree = "<group>";
		};
		A101000400000003 /* Packages */ = {
			isa = PBXGroup;
			children = (
			);
			name = Packages;
			sourceTree = "<group>";
		};
		A102000400000001 /* DeviceActivityMonitor */ = {
			isa = PBXGroup;
			children = (
				A102000200000001 /* DeviceActivityMonitorExtension.swift */,
				A102000200000004 /* DeviceActivityMonitorExtension+Testing.swift */,
				A102000200000002 /* DeviceActivityMonitor.entitlements */,
				A102000200000003 /* Info.plist (DAM) */,
			);
			path = DeviceActivityMonitor;
			sourceTree = "<group>";
		};
		A103000400000001 /* ShieldConfiguration */ = {
			isa = PBXGroup;
			children = (
				A103000200000001 /* ShieldConfigurationExtension.swift */,
				A103000200000002 /* ShieldConfiguration.entitlements */,
				A103000200000003 /* Info.plist (SC) */,
			);
			path = ShieldConfiguration;
			sourceTree = "<group>";
		};
		A104000400000001 /* ShieldAction */ = {
			isa = PBXGroup;
			children = (
				A104000200000001 /* ShieldActionExtension.swift */,
				A104000200000002 /* ShieldAction.entitlements */,
				A104000200000003 /* Info.plist (SA) */,
			);
			path = ShieldAction;
			sourceTree = "<group>";
		};
		A105000400000001 /* Extensions */ = {
			isa = PBXGroup;
			children = (
				A102000400000001 /* DeviceActivityMonitor */,
				A103000400000001 /* ShieldConfiguration */,
				A104000400000001 /* ShieldAction */,
			);
			path = Extensions;
			sourceTree = "<group>";
		};
		A110000400000001 /* FreeSocialTests */ = {
			isa = PBXGroup;
			children = (
				A110000200000001 /* AppReviewPreflightTests.swift */,
				A110000200000002 /* DeviceActivityMonitorConsentGateTests.swift */,
				A110000200000004 /* ShieldManagerTokenAPITests.swift */,
				A110000200000006 /* DeviceActivityThresholdGuardTests.swift */,
			);
			path = FreeSocialTests;
			sourceTree = "<group>";
		};
		A110000400000002 /* Tests (FreeSocial) */ = {
			isa = PBXGroup;
			children = (
				A110000400000001 /* FreeSocialTests */,
			);
			path = FreeSocial/Tests;
			sourceTree = "<group>";
		};
		A111000400000001 /* FreeSocialUITests */ = {
			isa = PBXGroup;
			children = (
				A111000200000001 /* FreeSocialUITests.swift */,
			);
			path = FreeSocialUITests;
			sourceTree = "<group>";
		};
		A111000400000002 /* Tests (UITests) */ = {
			isa = PBXGroup;
			children = (
				A111000400000001 /* FreeSocialUITests */,
			);
			path = Tests;
			sourceTree = "<group>";
		};
		A101000400000000 /* root */ = {
			isa = PBXGroup;
			children = (
				A101000400000001 /* FreeSocial */,
				A110000400000002 /* Tests (FreeSocial) */,
				A111000400000002 /* Tests (UITests) */,
				A105000400000001 /* Extensions */,
				A101000400000003 /* Packages */,
				A101000400000002 /* Products */,
			);
			sourceTree = "<group>";
		};
/* End PBXGroup section */

/* Begin PBXNativeTarget section */
		A101000600000001 /* FreeSocial */ = {
			isa = PBXNativeTarget;
			buildConfigurationList = A101000700000001 /* Build configuration list for PBXNativeTarget "FreeSocial" */;
			buildPhases = (
				A101000300000002 /* Sources */,
				A101000300000001 /* Frameworks */,
				A101000300000003 /* Resources */,
				A105000300000001 /* Embed Foundation Extensions */,
			);
			buildRules = (
			);
			dependencies = (
				A102000A00000001 /* PBXTargetDependency (DAM) */,
				A103000A00000001 /* PBXTargetDependency (SC) */,
				A104000A00000001 /* PBXTargetDependency (SA) */,
			);
			name = FreeSocial;
			packageProductDependencies = (
				A101000500000001 /* ControlledClient */,
				A101000500000002 /* ScreenTimeEngine */,
				A101000500000003 /* PolicyStore */,
				A101000500000004 /* ConsentManager */,
			);
			productName = FreeSocial;
			productReference = A101000200000005 /* FreeSocial.app */;
			productType = "com.apple.product-type.application";
		};
		A102000600000001 /* DeviceActivityMonitor */ = {
			isa = PBXNativeTarget;
			buildConfigurationList = A102000700000001 /* Build configuration list for PBXNativeTarget "DeviceActivityMonitor" */;
			buildPhases = (
				A102000300000002 /* Sources (DAM) */,
				A102000300000001 /* Frameworks (DAM) */,
			);
			buildRules = (
			);
			dependencies = (
			);
			name = DeviceActivityMonitor;
			packageProductDependencies = (
				A102000500000001 /* PolicyStore */,
				A102000500000002 /* ConsentManager */,
				A102000500000003 /* ScreenTimeEngine (DAM) */,
			);
			productName = DeviceActivityMonitor;
			productReference = A102000200000005 /* DeviceActivityMonitor.appex */;
			productType = "com.apple.product-type.app-extension";
		};
		A103000600000001 /* ShieldConfiguration */ = {
			isa = PBXNativeTarget;
			buildConfigurationList = A103000700000001 /* Build configuration list for PBXNativeTarget "ShieldConfiguration" */;
			buildPhases = (
				A103000300000002 /* Sources (SC) */,
				A103000300000001 /* Frameworks (SC) */,
			);
			buildRules = (
			);
			dependencies = (
			);
			name = ShieldConfiguration;
			packageProductDependencies = (
			);
			productName = ShieldConfiguration;
			productReference = A103000200000005 /* ShieldConfiguration.appex */;
			productType = "com.apple.product-type.app-extension";
		};
		A104000600000001 /* ShieldAction */ = {
			isa = PBXNativeTarget;
			buildConfigurationList = A104000700000001 /* Build configuration list for PBXNativeTarget "ShieldAction" */;
			buildPhases = (
				A104000300000002 /* Sources (SA) */,
				A104000300000001 /* Frameworks (SA) */,
			);
			buildRules = (
			);
			dependencies = (
			);
			name = ShieldAction;
			packageProductDependencies = (
				A104000500000001 /* PolicyStore */,
			);
			productName = ShieldAction;
			productReference = A104000200000005 /* ShieldAction.appex */;
			productType = "com.apple.product-type.app-extension";
		};
		A110000600000001 /* FreeSocialTests */ = {
			isa = PBXNativeTarget;
			buildConfigurationList = A110000700000001 /* Build configuration list for PBXNativeTarget "FreeSocialTests" */;
			buildPhases = (
				A110000300000002 /* Sources (FreeSocialTests) */,
				A110000300000001 /* Frameworks (FreeSocialTests) */,
			);
			buildRules = (
			);
			dependencies = (
				A110000A00000001 /* PBXTargetDependency (FreeSocialTests host) */,
			);
			name = FreeSocialTests;
			packageProductDependencies = (
				A110000500000001 /* ConsentManager */,
				A110000500000002 /* ScreenTimeEngine (FreeSocialTests) */,
				A110000500000003 /* PolicyStore (FreeSocialTests) */,
			);
			productName = FreeSocialTests;
			productReference = A110000200000005 /* FreeSocialTests.xctest */;
			productType = "com.apple.product-type.bundle.unit-test";
		};
		A111000600000001 /* FreeSocialUITests */ = {
			isa = PBXNativeTarget;
			buildConfigurationList = A111000700000001 /* Build configuration list for PBXNativeTarget "FreeSocialUITests" */;
			buildPhases = (
				A111000300000002 /* Sources (FreeSocialUITests) */,
				A111000300000001 /* Frameworks (FreeSocialUITests) */,
			);
			buildRules = (
			);
			dependencies = (
				A111000A00000001 /* PBXTargetDependency (FreeSocialUITests host) */,
			);
			name = FreeSocialUITests;
			packageProductDependencies = (
			);
			productName = FreeSocialUITests;
			productReference = A111000200000005 /* FreeSocialUITests.xctest */;
			productType = "com.apple.product-type.bundle.ui-testing";
		};
/* End PBXNativeTarget section */

/* Begin PBXProject section */
		A101000000000001 /* Project object */ = {
			isa = PBXProject;
			attributes = {
				BuildIndependentTargetsInParallel = 1;
				LastSwiftUpdateCheck = 1500;
				LastUpgradeCheck = 1500;
				TargetAttributes = {
					A101000600000001 = {
						CreatedOnToolsVersion = 15.0;
					};
					A102000600000001 = {
						CreatedOnToolsVersion = 15.0;
					};
					A103000600000001 = {
						CreatedOnToolsVersion = 15.0;
					};
					A104000600000001 = {
						CreatedOnToolsVersion = 15.0;
					};
					A110000600000001 = {
						CreatedOnToolsVersion = 15.0;
						TestTargetID = A101000600000001;
					};
					A111000600000001 = {
						CreatedOnToolsVersion = 15.0;
						TestTargetID = A101000600000001;
					};
				};
			};
			buildConfigurationList = A101000700000002 /* Build configuration list for PBXProject "FreeSocial" */;
			compatibilityVersion = "Xcode 14.0";
			developmentRegion = en;
			hasScannedForEncodings = 0;
			knownRegions = (
				en,
				Base,
			);
			mainGroup = A101000400000000 /* root */;
			packageReferences = (
				A101000800000001 /* XCLocalSwiftPackageReference "Packages/ControlledClient" */,
				A101000800000002 /* XCLocalSwiftPackageReference "Packages/ScreenTimeEngine" */,
				A101000800000003 /* XCLocalSwiftPackageReference "Packages/PolicyStore" */,
				A101000800000004 /* XCLocalSwiftPackageReference "Packages/ConsentManager" */,
			);
			productRefGroup = A101000400000002 /* Products */;
			projectDirPath = "";
			projectRoot = "";
			targets = (
				A101000600000001 /* FreeSocial */,
				A102000600000001 /* DeviceActivityMonitor */,
				A103000600000001 /* ShieldConfiguration */,
				A104000600000001 /* ShieldAction */,
				A110000600000001 /* FreeSocialTests */,
				A111000600000001 /* FreeSocialUITests */,
			);
		};
/* End PBXProject section */

/* Begin PBXResourcesBuildPhase section */
		A101000300000003 /* Resources */ = {
			isa = PBXResourcesBuildPhase;
			buildActionMask = 2147483647;
			files = (
				A101000100000003 /* Assets.xcassets in Resources */,
			);
			runOnlyForDeploymentPostprocessing = 0;
		};
/* End PBXResourcesBuildPhase section */

/* Begin PBXSourcesBuildPhase section */
		A101000300000002 /* Sources */ = {
			isa = PBXSourcesBuildPhase;
			buildActionMask = 2147483647;
			files = (
				A101000100000001 /* FreeSocialApp.swift in Sources */,
				A101000100000002 /* ContentView.swift in Sources */,
			);
			runOnlyForDeploymentPostprocessing = 0;
		};
		A102000300000002 /* Sources (DAM) */ = {
			isa = PBXSourcesBuildPhase;
			buildActionMask = 2147483647;
			files = (
				A102000100000001 /* DeviceActivityMonitorExtension.swift in Sources */,
				A102000100000002 /* DeviceActivityMonitorExtension+Testing.swift in Sources (DAM) */,
			);
			runOnlyForDeploymentPostprocessing = 0;
		};
		A103000300000002 /* Sources (SC) */ = {
			isa = PBXSourcesBuildPhase;
			buildActionMask = 2147483647;
			files = (
				A103000100000001 /* ShieldConfigurationExtension.swift in Sources */,
			);
			runOnlyForDeploymentPostprocessing = 0;
		};
		A104000300000002 /* Sources (SA) */ = {
			isa = PBXSourcesBuildPhase;
			buildActionMask = 2147483647;
			files = (
				A104000100000001 /* ShieldActionExtension.swift in Sources */,
			);
			runOnlyForDeploymentPostprocessing = 0;
		};
		A110000300000002 /* Sources (FreeSocialTests) */ = {
			isa = PBXSourcesBuildPhase;
			buildActionMask = 2147483647;
			files = (
				A110000100000001 /* AppReviewPreflightTests.swift in Sources */,
				A110000100000002 /* DeviceActivityMonitorConsentGateTests.swift in Sources */,
				A110000100000003 /* DeviceActivityMonitorExtension+Testing.swift in Sources (FreeSocialTests) */,
				A110000100000004 /* ShieldManagerTokenAPITests.swift in Sources */,
				A110000100000005 /* DeviceActivityThresholdGuardTests.swift in Sources */,
			);
			runOnlyForDeploymentPostprocessing = 0;
		};
		A111000300000002 /* Sources (FreeSocialUITests) */ = {
			isa = PBXSourcesBuildPhase;
			buildActionMask = 2147483647;
			files = (
				A111000100000001 /* FreeSocialUITests.swift in Sources */,
			);
			runOnlyForDeploymentPostprocessing = 0;
		};
/* End PBXSourcesBuildPhase section */

/* Begin PBXTargetDependency section */
		A102000A00000001 /* PBXTargetDependency (DAM) */ = {
			isa = PBXTargetDependency;
			target = A102000600000001 /* DeviceActivityMonitor */;
			targetProxy = A102000900000001 /* PBXContainerItemProxy (DAM) */;
		};
		A103000A00000001 /* PBXTargetDependency (SC) */ = {
			isa = PBXTargetDependency;
			target = A103000600000001 /* ShieldConfiguration */;
			targetProxy = A103000900000001 /* PBXContainerItemProxy (SC) */;
		};
		A104000A00000001 /* PBXTargetDependency (SA) */ = {
			isa = PBXTargetDependency;
			target = A104000600000001 /* ShieldAction */;
			targetProxy = A104000900000001 /* PBXContainerItemProxy (ShieldAction) */;
		};
		A110000A00000001 /* PBXTargetDependency (FreeSocialTests host) */ = {
			isa = PBXTargetDependency;
			target = A101000600000001 /* FreeSocial */;
			targetProxy = A110000900000001 /* PBXContainerItemProxy (FreeSocialTests) */;
		};
		A111000A00000001 /* PBXTargetDependency (FreeSocialUITests host) */ = {
			isa = PBXTargetDependency;
			target = A101000600000001 /* FreeSocial */;
			targetProxy = A111000900000001 /* PBXContainerItemProxy (FreeSocialUITests) */;
		};
/* End PBXTargetDependency section */

/* Begin XCBuildConfiguration section */
		A101000700000003 /* Debug */ = {
			isa = XCBuildConfiguration;
			buildSettings = {
				ALWAYS_SEARCH_USER_PATHS = NO;
				ASSETCATALOG_COMPILER_GENERATE_SWIFT_ASSET_SYMBOL_EXTENSIONS = YES;
				CLANG_ANALYZER_NONNULL = YES;
				CLANG_ANALYZER_NUMBER_OBJECT_CONVERSION = YES_AGGRESSIVE;
				CLANG_CXX_LANGUAGE_STANDARD = "gnu++20";
				CLANG_ENABLE_MODULES = YES;
				CLANG_ENABLE_OBJC_ARC = YES;
				CLANG_ENABLE_OBJC_WEAK = YES;
				CLANG_WARN_BLOCK_CAPTURE_AUTORELEASING = YES;
				CLANG_WARN_BOOL_CONVERSION = YES;
				CLANG_WARN_COMMA = YES;
				CLANG_WARN_CONSTANT_CONVERSION = YES;
				CLANG_WARN_DEPRECATED_OBJC_IMPLEMENTATIONS = YES;
				CLANG_WARN_DIRECT_OBJC_ISA_USAGE = YES_ERROR;
				CLANG_WARN_DOCUMENTATION_COMMENTS = YES;
				CLANG_WARN_EMPTY_BODY = YES;
				CLANG_WARN_ENUM_CONVERSION = YES;
				CLANG_WARN_INFINITE_RECURSION = YES;
				CLANG_WARN_INT_CONVERSION = YES;
				CLANG_WARN_NON_LITERAL_NULL_CONVERSION = YES;
				CLANG_WARN_OBJC_IMPLICIT_RETAIN_SELF = YES;
				CLANG_WARN_OBJC_LITERAL_CONVERSION = YES;
				CLANG_WARN_OBJC_ROOT_CLASS = YES_ERROR;
				CLANG_WARN_QUOTED_INCLUDE_IN_FRAMEWORK_HEADER = YES;
				CLANG_WARN_RANGE_LOOP_ANALYSIS = YES;
				CLANG_WARN_STRICT_PROTOTYPES = YES;
				CLANG_WARN_SUSPICIOUS_MOVE = YES;
				CLANG_WARN_UNGUARDED_AVAILABILITY = YES_AGGRESSIVE;
				CLANG_WARN_UNREACHABLE_CODE = YES;
				CLANG_WARN__DUPLICATE_METHOD_MATCH = YES;
				COPY_PHASE_STRIP = NO;
				DEBUG_INFORMATION_FORMAT = dwarf;
				ENABLE_STRICT_OBJC_MSGSEND = YES;
				ENABLE_TESTABILITY = YES;
				ENABLE_USER_SCRIPT_SANDBOXING = YES;
				GCC_C_LANGUAGE_STANDARD = gnu17;
				GCC_DYNAMIC_NO_PIC = NO;
				GCC_NO_COMMON_BLOCKS = YES;
				GCC_OPTIMIZATION_LEVEL = 0;
				GCC_PREPROCESSOR_DEFINITIONS = (
					"DEBUG=1",
					"$(inherited)",
				);
				GCC_WARN_64_TO_32_BIT_CONVERSION = YES;
				GCC_WARN_ABOUT_RETURN_TYPE = YES_ERROR;
				GCC_WARN_UNDECLARED_SELECTOR = YES;
				GCC_WARN_UNINITIALIZED_AUTOS = YES_AGGRESSIVE;
				GCC_WARN_UNUSED_FUNCTION = YES;
				GCC_WARN_UNUSED_VARIABLE = YES;
				IPHONEOS_DEPLOYMENT_TARGET = 16.0;
				MTL_ENABLE_DEBUG_INFO = INCLUDE_SOURCE;
				MTL_FAST_MATH = YES;
				ONLY_ACTIVE_ARCH = YES;
				SDKROOT = iphoneos;
				SWIFT_ACTIVE_COMPILATION_CONDITIONS = DEBUG;
				SWIFT_OPTIMIZATION_LEVEL = "-Onone";
			};
			name = Debug;
		};
		A101000700000004 /* Release */ = {
			isa = XCBuildConfiguration;
			buildSettings = {
				ALWAYS_SEARCH_USER_PATHS = NO;
				ASSETCATALOG_COMPILER_GENERATE_SWIFT_ASSET_SYMBOL_EXTENSIONS = YES;
				CLANG_ANALYZER_NONNULL = YES;
				CLANG_ANALYZER_NUMBER_OBJECT_CONVERSION = YES_AGGRESSIVE;
				CLANG_CXX_LANGUAGE_STANDARD = "gnu++20";
				CLANG_ENABLE_MODULES = YES;
				CLANG_ENABLE_OBJC_ARC = YES;
				CLANG_ENABLE_OBJC_WEAK = YES;
				CLANG_WARN_BLOCK_CAPTURE_AUTORELEASING = YES;
				CLANG_WARN_BOOL_CONVERSION = YES;
				CLANG_WARN_COMMA = YES;
				CLANG_WARN_CONSTANT_CONVERSION = YES;
				CLANG_WARN_DEPRECATED_OBJC_IMPLEMENTATIONS = YES;
				CLANG_WARN_DIRECT_OBJC_ISA_USAGE = YES_ERROR;
				CLANG_WARN_DOCUMENTATION_COMMENTS = YES;
				CLANG_WARN_EMPTY_BODY = YES;
				CLANG_WARN_ENUM_CONVERSION = YES;
				CLANG_WARN_INFINITE_RECURSION = YES;
				CLANG_WARN_INT_CONVERSION = YES;
				CLANG_WARN_NON_LITERAL_NULL_CONVERSION = YES;
				CLANG_WARN_OBJC_IMPLICIT_RETAIN_SELF = YES;
				CLANG_WARN_OBJC_LITERAL_CONVERSION = YES;
				CLANG_WARN_OBJC_ROOT_CLASS = YES_ERROR;
				CLANG_WARN_QUOTED_INCLUDE_IN_FRAMEWORK_HEADER = YES;
				CLANG_WARN_RANGE_LOOP_ANALYSIS = YES;
				CLANG_WARN_STRICT_PROTOTYPES = YES;
				CLANG_WARN_SUSPICIOUS_MOVE = YES;
				CLANG_WARN_UNGUARDED_AVAILABILITY = YES_AGGRESSIVE;
				CLANG_WARN_UNREACHABLE_CODE = YES;
				CLANG_WARN__DUPLICATE_METHOD_MATCH = YES;
				COPY_PHASE_STRIP = NO;
				DEBUG_INFORMATION_FORMAT = "dwarf-with-dsym";
				ENABLE_NS_ASSERTIONS = NO;
				ENABLE_STRICT_OBJC_MSGSEND = YES;
				ENABLE_USER_SCRIPT_SANDBOXING = YES;
				GCC_C_LANGUAGE_STANDARD = gnu17;
				GCC_NO_COMMON_BLOCKS = YES;
				GCC_WARN_64_TO_32_BIT_CONVERSION = YES;
				GCC_WARN_ABOUT_RETURN_TYPE = YES_ERROR;
				GCC_WARN_UNDECLARED_SELECTOR = YES;
				GCC_WARN_UNINITIALIZED_AUTOS = YES_AGGRESSIVE;
				GCC_WARN_UNUSED_FUNCTION = YES;
				GCC_WARN_UNUSED_VARIABLE = YES;
				IPHONEOS_DEPLOYMENT_TARGET = 16.0;
				MTL_FAST_MATH = YES;
				SDKROOT = iphoneos;
				SWIFT_COMPILATION_MODE = wholemodule;
				SWIFT_OPTIMIZATION_LEVEL = "-O";
			};
			name = Release;
		};
		A101000700000005 /* Debug */ = {
			isa = XCBuildConfiguration;
			buildSettings = {
				ASSETCATALOG_COMPILER_APPICON_NAME = AppIcon;
				ASSETCATALOG_COMPILER_GLOBAL_ACCENT_COLOR_NAME = AccentColor;
				CODE_SIGN_ENTITLEMENTS = FreeSocial/FreeSocial.entitlements;
				CODE_SIGN_STYLE = Automatic;
				CURRENT_PROJECT_VERSION = 1;
				DEVELOPMENT_ASSET_PATHS = "";
				ENABLE_PREVIEWS = YES;
				GENERATE_INFOPLIST_FILE = YES;
				INFOPLIST_KEY_UIApplicationSceneManifest_Generation = YES;
				INFOPLIST_KEY_UIApplicationSupportsIndirectInputEvents = YES;
				INFOPLIST_KEY_UILaunchScreen_Generation = YES;
				INFOPLIST_KEY_UISupportedInterfaceOrientations_iPad = "UIInterfaceOrientationLandscapeLeft UIInterfaceOrientationLandscapeRight UIInterfaceOrientationPortrait UIInterfaceOrientationPortraitUpsideDown";
				INFOPLIST_KEY_UISupportedInterfaceOrientations_iPhone = "UIInterfaceOrientationLandscapeLeft UIInterfaceOrientationLandscapeRight UIInterfaceOrientationPortrait";
				IPHONEOS_DEPLOYMENT_TARGET = 16.0;
				LD_RUNPATH_SEARCH_PATHS = (
					"$(inherited)",
					"@executable_path/Frameworks",
				);
				MARKETING_VERSION = 1.0;
				PRODUCT_BUNDLE_IDENTIFIER = com.freesocial.app;
				PRODUCT_NAME = "$(TARGET_NAME)";
				SWIFT_EMIT_LOC_STRINGS = YES;
				SWIFT_VERSION = 5.0;
				TARGETED_DEVICE_FAMILY = "1,2";
			};
			name = Debug;
		};
		A101000700000006 /* Release */ = {
			isa = XCBuildConfiguration;
			buildSettings = {
				ASSETCATALOG_COMPILER_APPICON_NAME = AppIcon;
				ASSETCATALOG_COMPILER_GLOBAL_ACCENT_COLOR_NAME = AccentColor;
				CODE_SIGN_ENTITLEMENTS = FreeSocial/FreeSocial.entitlements;
				CODE_SIGN_STYLE = Automatic;
				CURRENT_PROJECT_VERSION = 1;
				DEVELOPMENT_ASSET_PATHS = "";
				ENABLE_PREVIEWS = YES;
				GENERATE_INFOPLIST_FILE = YES;
				INFOPLIST_KEY_UIApplicationSceneManifest_Generation = YES;
				INFOPLIST_KEY_UIApplicationSupportsIndirectInputEvents = YES;
				INFOPLIST_KEY_UILaunchScreen_Generation = YES;
				INFOPLIST_KEY_UISupportedInterfaceOrientations_iPad = "UIInterfaceOrientationLandscapeLeft UIInterfaceOrientationLandscapeRight UIInterfaceOrientationPortrait UIInterfaceOrientationPortraitUpsideDown";
				INFOPLIST_KEY_UISupportedInterfaceOrientations_iPhone = "UIInterfaceOrientationLandscapeLeft UIInterfaceOrientationLandscapeRight UIInterfaceOrientationPortrait";
				IPHONEOS_DEPLOYMENT_TARGET = 16.0;
				LD_RUNPATH_SEARCH_PATHS = (
					"$(inherited)",
					"@executable_path/Frameworks",
				);
				MARKETING_VERSION = 1.0;
				PRODUCT_BUNDLE_IDENTIFIER = com.freesocial.app;
				PRODUCT_NAME = "$(TARGET_NAME)";
				SWIFT_EMIT_LOC_STRINGS = YES;
				SWIFT_VERSION = 5.0;
				TARGETED_DEVICE_FAMILY = "1,2";
			};
			name = Release;
		};
		/* DeviceActivityMonitor extension build configurations */
		A102000700000003 /* Debug (DAM) */ = {
			isa = XCBuildConfiguration;
			buildSettings = {
				CODE_SIGN_ENTITLEMENTS = Extensions/DeviceActivityMonitor/DeviceActivityMonitor.entitlements;
				CODE_SIGN_STYLE = Automatic;
				CURRENT_PROJECT_VERSION = 1;
				GENERATE_INFOPLIST_FILE = NO;
				INFOPLIST_FILE = Extensions/DeviceActivityMonitor/Info.plist;
				IPHONEOS_DEPLOYMENT_TARGET = 16.0;
				LD_RUNPATH_SEARCH_PATHS = (
					"$(inherited)",
					"@executable_path/Frameworks",
					"@executable_path/../../Frameworks",
				);
				MARKETING_VERSION = 1.0;
				PRODUCT_BUNDLE_IDENTIFIER = com.freesocial.app.DeviceActivityMonitor;
				PRODUCT_NAME = "$(TARGET_NAME)";
				SKIP_INSTALL = YES;
				SWIFT_VERSION = 5.0;
				TARGETED_DEVICE_FAMILY = "1,2";
			};
			name = Debug;
		};
		A102000700000004 /* Release (DAM) */ = {
			isa = XCBuildConfiguration;
			buildSettings = {
				CODE_SIGN_ENTITLEMENTS = Extensions/DeviceActivityMonitor/DeviceActivityMonitor.entitlements;
				CODE_SIGN_STYLE = Automatic;
				CURRENT_PROJECT_VERSION = 1;
				GENERATE_INFOPLIST_FILE = NO;
				INFOPLIST_FILE = Extensions/DeviceActivityMonitor/Info.plist;
				IPHONEOS_DEPLOYMENT_TARGET = 16.0;
				LD_RUNPATH_SEARCH_PATHS = (
					"$(inherited)",
					"@executable_path/Frameworks",
					"@executable_path/../../Frameworks",
				);
				MARKETING_VERSION = 1.0;
				PRODUCT_BUNDLE_IDENTIFIER = com.freesocial.app.DeviceActivityMonitor;
				PRODUCT_NAME = "$(TARGET_NAME)";
				SKIP_INSTALL = YES;
				SWIFT_VERSION = 5.0;
				TARGETED_DEVICE_FAMILY = "1,2";
			};
			name = Release;
		};
		/* ShieldConfiguration extension build configurations */
		A103000700000003 /* Debug (SC) */ = {
			isa = XCBuildConfiguration;
			buildSettings = {
				CODE_SIGN_ENTITLEMENTS = Extensions/ShieldConfiguration/ShieldConfiguration.entitlements;
				CODE_SIGN_STYLE = Automatic;
				CURRENT_PROJECT_VERSION = 1;
				GENERATE_INFOPLIST_FILE = NO;
				INFOPLIST_FILE = Extensions/ShieldConfiguration/Info.plist;
				IPHONEOS_DEPLOYMENT_TARGET = 16.0;
				LD_RUNPATH_SEARCH_PATHS = (
					"$(inherited)",
					"@executable_path/Frameworks",
					"@executable_path/../../Frameworks",
				);
				MARKETING_VERSION = 1.0;
				PRODUCT_BUNDLE_IDENTIFIER = com.freesocial.app.ShieldConfiguration;
				PRODUCT_NAME = "$(TARGET_NAME)";
				SKIP_INSTALL = YES;
				SWIFT_VERSION = 5.0;
				TARGETED_DEVICE_FAMILY = "1,2";
			};
			name = Debug;
		};
		A103000700000004 /* Release (SC) */ = {
			isa = XCBuildConfiguration;
			buildSettings = {
				CODE_SIGN_ENTITLEMENTS = Extensions/ShieldConfiguration/ShieldConfiguration.entitlements;
				CODE_SIGN_STYLE = Automatic;
				CURRENT_PROJECT_VERSION = 1;
				GENERATE_INFOPLIST_FILE = NO;
				INFOPLIST_FILE = Extensions/ShieldConfiguration/Info.plist;
				IPHONEOS_DEPLOYMENT_TARGET = 16.0;
				LD_RUNPATH_SEARCH_PATHS = (
					"$(inherited)",
					"@executable_path/Frameworks",
					"@executable_path/../../Frameworks",
				);
				MARKETING_VERSION = 1.0;
				PRODUCT_BUNDLE_IDENTIFIER = com.freesocial.app.ShieldConfiguration;
				PRODUCT_NAME = "$(TARGET_NAME)";
				SKIP_INSTALL = YES;
				SWIFT_VERSION = 5.0;
				TARGETED_DEVICE_FAMILY = "1,2";
			};
			name = Release;
		};
		/* ShieldAction extension build configurations */
		A104000700000003 /* Debug (SA) */ = {
			isa = XCBuildConfiguration;
			buildSettings = {
				CODE_SIGN_ENTITLEMENTS = Extensions/ShieldAction/ShieldAction.entitlements;
				CODE_SIGN_STYLE = Automatic;
				CURRENT_PROJECT_VERSION = 1;
				GENERATE_INFOPLIST_FILE = NO;
				INFOPLIST_FILE = Extensions/ShieldAction/Info.plist;
				IPHONEOS_DEPLOYMENT_TARGET = 16.0;
				LD_RUNPATH_SEARCH_PATHS = (
					"$(inherited)",
					"@executable_path/Frameworks",
					"@executable_path/../../Frameworks",
				);
				MARKETING_VERSION = 1.0;
				PRODUCT_BUNDLE_IDENTIFIER = com.freesocial.app.ShieldAction;
				PRODUCT_NAME = "$(TARGET_NAME)";
				SKIP_INSTALL = YES;
				SWIFT_VERSION = 5.0;
				TARGETED_DEVICE_FAMILY = "1,2";
			};
			name = Debug;
		};
		A104000700000004 /* Release (SA) */ = {
			isa = XCBuildConfiguration;
			buildSettings = {
				CODE_SIGN_ENTITLEMENTS = Extensions/ShieldAction/ShieldAction.entitlements;
				CODE_SIGN_STYLE = Automatic;
				CURRENT_PROJECT_VERSION = 1;
				GENERATE_INFOPLIST_FILE = NO;
				INFOPLIST_FILE = Extensions/ShieldAction/Info.plist;
				IPHONEOS_DEPLOYMENT_TARGET = 16.0;
				LD_RUNPATH_SEARCH_PATHS = (
					"$(inherited)",
					"@executable_path/Frameworks",
					"@executable_path/../../Frameworks",
				);
				MARKETING_VERSION = 1.0;
				PRODUCT_BUNDLE_IDENTIFIER = com.freesocial.app.ShieldAction;
				PRODUCT_NAME = "$(TARGET_NAME)";
				SKIP_INSTALL = YES;
				SWIFT_VERSION = 5.0;
				TARGETED_DEVICE_FAMILY = "1,2";
			};
			name = Release;
		};
		/* FreeSocialTests unit test build configurations */
		A110000700000003 /* Debug (FreeSocialTests) */ = {
			isa = XCBuildConfiguration;
			buildSettings = {
				BUNDLE_LOADER = "$(TEST_HOST)";
				CODE_SIGN_STYLE = Automatic;
				CURRENT_PROJECT_VERSION = 1;
				GENERATE_INFOPLIST_FILE = YES;
				IPHONEOS_DEPLOYMENT_TARGET = 16.0;
				MARKETING_VERSION = 1.0;
				PRODUCT_BUNDLE_IDENTIFIER = com.freesocial.app.FreeSocialTests;
				PRODUCT_NAME = "$(TARGET_NAME)";
				SWIFT_VERSION = 5.0;
				TARGETED_DEVICE_FAMILY = "1,2";
				TEST_HOST = "$(BUILT_PRODUCTS_DIR)/FreeSocial.app/$(BUNDLE_EXECUTABLE_FOLDER_PATH)/FreeSocial";
			};
			name = Debug;
		};
		A110000700000004 /* Release (FreeSocialTests) */ = {
			isa = XCBuildConfiguration;
			buildSettings = {
				BUNDLE_LOADER = "$(TEST_HOST)";
				CODE_SIGN_STYLE = Automatic;
				CURRENT_PROJECT_VERSION = 1;
				GENERATE_INFOPLIST_FILE = YES;
				IPHONEOS_DEPLOYMENT_TARGET = 16.0;
				MARKETING_VERSION = 1.0;
				PRODUCT_BUNDLE_IDENTIFIER = com.freesocial.app.FreeSocialTests;
				PRODUCT_NAME = "$(TARGET_NAME)";
				SWIFT_VERSION = 5.0;
				TARGETED_DEVICE_FAMILY = "1,2";
				TEST_HOST = "$(BUILT_PRODUCTS_DIR)/FreeSocial.app/$(BUNDLE_EXECUTABLE_FOLDER_PATH)/FreeSocial";
			};
			name = Release;
		};
		/* FreeSocialUITests UITest build configurations */
		A111000700000003 /* Debug (FreeSocialUITests) */ = {
			isa = XCBuildConfiguration;
			buildSettings = {
				CODE_SIGN_STYLE = Automatic;
				CURRENT_PROJECT_VERSION = 1;
				GENERATE_INFOPLIST_FILE = YES;
				IPHONEOS_DEPLOYMENT_TARGET = 16.0;
				MARKETING_VERSION = 1.0;
				PRODUCT_BUNDLE_IDENTIFIER = com.freesocial.app.FreeSocialUITests;
				PRODUCT_NAME = "$(TARGET_NAME)";
				SWIFT_VERSION = 5.0;
				TARGETED_DEVICE_FAMILY = "1,2";
				TEST_TARGET_NAME = FreeSocial;
			};
			name = Debug;
		};
		A111000700000004 /* Release (FreeSocialUITests) */ = {
			isa = XCBuildConfiguration;
			buildSettings = {
				CODE_SIGN_STYLE = Automatic;
				CURRENT_PROJECT_VERSION = 1;
				GENERATE_INFOPLIST_FILE = YES;
				IPHONEOS_DEPLOYMENT_TARGET = 16.0;
				MARKETING_VERSION = 1.0;
				PRODUCT_BUNDLE_IDENTIFIER = com.freesocial.app.FreeSocialUITests;
				PRODUCT_NAME = "$(TARGET_NAME)";
				SWIFT_VERSION = 5.0;
				TARGETED_DEVICE_FAMILY = "1,2";
				TEST_TARGET_NAME = FreeSocial;
			};
			name = Release;
		};
/* End XCBuildConfiguration section */

/* Begin XCConfigurationList section */
		A101000700000001 /* Build configuration list for PBXNativeTarget "FreeSocial" */ = {
			isa = XCConfigurationList;
			buildConfigurations = (
				A101000700000005 /* Debug */,
				A101000700000006 /* Release */,
			);
			defaultConfigurationIsVisible = 0;
			defaultConfigurationName = Release;
		};
		A101000700000002 /* Build configuration list for PBXProject "FreeSocial" */ = {
			isa = XCConfigurationList;
			buildConfigurations = (
				A101000700000003 /* Debug */,
				A101000700000004 /* Release */,
			);
			defaultConfigurationIsVisible = 0;
			defaultConfigurationName = Release;
		};
		A102000700000001 /* Build configuration list for PBXNativeTarget "DeviceActivityMonitor" */ = {
			isa = XCConfigurationList;
			buildConfigurations = (
				A102000700000003 /* Debug (DAM) */,
				A102000700000004 /* Release (DAM) */,
			);
			defaultConfigurationIsVisible = 0;
			defaultConfigurationName = Release;
		};
		A103000700000001 /* Build configuration list for PBXNativeTarget "ShieldConfiguration" */ = {
			isa = XCConfigurationList;
			buildConfigurations = (
				A103000700000003 /* Debug (SC) */,
				A103000700000004 /* Release (SC) */,
			);
			defaultConfigurationIsVisible = 0;
			defaultConfigurationName = Release;
		};
		A104000700000001 /* Build configuration list for PBXNativeTarget "ShieldAction" */ = {
			isa = XCConfigurationList;
			buildConfigurations = (
				A104000700000003 /* Debug (SA) */,
				A104000700000004 /* Release (SA) */,
			);
			defaultConfigurationIsVisible = 0;
			defaultConfigurationName = Release;
		};
		A110000700000001 /* Build configuration list for PBXNativeTarget "FreeSocialTests" */ = {
			isa = XCConfigurationList;
			buildConfigurations = (
				A110000700000003 /* Debug (FreeSocialTests) */,
				A110000700000004 /* Release (FreeSocialTests) */,
			);
			defaultConfigurationIsVisible = 0;
			defaultConfigurationName = Release;
		};
		A111000700000001 /* Build configuration list for PBXNativeTarget "FreeSocialUITests" */ = {
			isa = XCConfigurationList;
			buildConfigurations = (
				A111000700000003 /* Debug (FreeSocialUITests) */,
				A111000700000004 /* Release (FreeSocialUITests) */,
			);
			defaultConfigurationIsVisible = 0;
			defaultConfigurationName = Release;
		};
/* End XCConfigurationList section */

/* Begin XCLocalSwiftPackageReference section */
		A101000800000001 /* XCLocalSwiftPackageReference "Packages/ControlledClient" */ = {
			isa = XCLocalSwiftPackageReference;
			relativePath = Packages/ControlledClient;
		};
		A101000800000002 /* XCLocalSwiftPackageReference "Packages/ScreenTimeEngine" */ = {
			isa = XCLocalSwiftPackageReference;
			relativePath = Packages/ScreenTimeEngine;
		};
		A101000800000003 /* XCLocalSwiftPackageReference "Packages/PolicyStore" */ = {
			isa = XCLocalSwiftPackageReference;
			relativePath = Packages/PolicyStore;
		};
		A101000800000004 /* XCLocalSwiftPackageReference "Packages/ConsentManager" */ = {
			isa = XCLocalSwiftPackageReference;
			relativePath = Packages/ConsentManager;
		};
/* End XCLocalSwiftPackageReference section */

/* Begin XCSwiftPackageProductDependency section */
		A101000500000001 /* ControlledClient */ = {
			isa = XCSwiftPackageProductDependency;
			package = A101000800000001 /* XCLocalSwiftPackageReference "Packages/ControlledClient" */;
			productName = ControlledClient;
		};
		A101000500000002 /* ScreenTimeEngine */ = {
			isa = XCSwiftPackageProductDependency;
			package = A101000800000002 /* XCLocalSwiftPackageReference "Packages/ScreenTimeEngine" */;
			productName = ScreenTimeEngine;
		};
		A101000500000003 /* PolicyStore */ = {
			isa = XCSwiftPackageProductDependency;
			package = A101000800000003 /* XCLocalSwiftPackageReference "Packages/PolicyStore" */;
			productName = PolicyStore;
		};
		A101000500000004 /* ConsentManager */ = {
			isa = XCSwiftPackageProductDependency;
			package = A101000800000004 /* XCLocalSwiftPackageReference "Packages/ConsentManager" */;
			productName = ConsentManager;
		};
		A102000500000001 /* PolicyStore (DAM) */ = {
			isa = XCSwiftPackageProductDependency;
			package = A101000800000003 /* XCLocalSwiftPackageReference "Packages/PolicyStore" */;
			productName = PolicyStore;
		};
		A102000500000002 /* ConsentManager (DAM) */ = {
			isa = XCSwiftPackageProductDependency;
			package = A101000800000004 /* XCLocalSwiftPackageReference "Packages/ConsentManager" */;
			productName = ConsentManager;
		};
		A102000500000003 /* ScreenTimeEngine (DAM) */ = {
			isa = XCSwiftPackageProductDependency;
			package = A101000800000002 /* XCLocalSwiftPackageReference "Packages/ScreenTimeEngine" */;
			productName = ScreenTimeEngine;
		};
		A104000500000001 /* PolicyStore (SA) */ = {
			isa = XCSwiftPackageProductDependency;
			package = A101000800000003 /* XCLocalSwiftPackageReference "Packages/PolicyStore" */;
			productName = PolicyStore;
		};
		A110000500000001 /* ConsentManager (FreeSocialTests) */ = {
			isa = XCSwiftPackageProductDependency;
			package = A101000800000004 /* XCLocalSwiftPackageReference "Packages/ConsentManager" */;
			productName = ConsentManager;
		};
		A110000500000002 /* ScreenTimeEngine (FreeSocialTests) */ = {
			isa = XCSwiftPackageProductDependency;
			package = A101000800000002 /* XCLocalSwiftPackageReference "Packages/ScreenTimeEngine" */;
			productName = ScreenTimeEngine;
		};
		A110000500000003 /* PolicyStore (FreeSocialTests) */ = {
			isa = XCSwiftPackageProductDependency;
			package = A101000800000003 /* XCLocalSwiftPackageReference "Packages/PolicyStore" */;
			productName = PolicyStore;
		};
/* End XCSwiftPackageProductDependency section */

	};
	rootObject = A101000000000001 /* Project object */;
}
